
Microsoft Visual Studio Solution File, Format Version 12.00
# Visual Studio 14
VisualStudioVersion = 14.0.25420.1
MinimumVisualStudioVersion = 10.0.40219.1
Project("{2150E333-8FDC-42A3-9474-1A3956D46DE8}") = "src", "src", "{A13FF0C6-33FE-46FA-9E69-9BA8E21C68FA}"
EndProject
Project("{2150E333-8FDC-42A3-9474-1A3956D46DE8}") = "Solution Items", "Solution Items", "{480B7497-ABCB-46CE-8401-7786A87B085E}"
	ProjectSection(SolutionItems) = preProject
		global.json = global.json
	EndProjectSection
EndProject
Project("{8BB2217D-0F2D-49D1-97BC-3654ED321F3B}") = "DotNetCoreStore", "src\DotNetCoreStore\DotNetCoreStore.xproj", "{783CC618-5127-46BF-A5CD-71687FACE7A6}"
EndProject
Global
	GlobalSection(SolutionConfigurationPlatforms) = preSolution
		Debug|Any CPU = Debug|Any CPU
		Release|Any CPU = Release|Any CPU
	EndGlobalSection
	GlobalSection(ProjectConfigurationPlatforms) = postSolution
		{783CC618-5127-46BF-A5CD-71687FACE7A6}.Debug|Any CPU.ActiveCfg = Debug|Any CPU
		{783CC618-5127-46BF-A5CD-71687FACE7A6}.Debug|Any CPU.Build.0 = Debug|Any CPU
		{783CC618-5127-46BF-A5CD-71687FACE7A6}.Release|Any CPU.ActiveCfg = Release|Any CPU
		{783CC618-5127-46BF-A5CD-71687FACE7A6}.Release|Any CPU.Build.0 = Release|Any CPU
	EndGlobalSection
	GlobalSection(SolutionProperties) = preSolution
		HideSolutionNode = FALSE
	EndGlobalSection
	GlobalSection(NestedProjects) = preSolution
		{783CC618-5127-46BF-A5CD-71687FACE7A6} = {A13FF0C6-33FE-46FA-9E69-9BA8E21C68FA}
	EndGlobalSection
EndGlobal
